
Microsoft Visual Studio Solution File, Format Version 12.00
# Visual Studio 15
VisualStudioVersion = 15.0.28010.2050
MinimumVisualStudioVersion = 10.0.40219.1
Project("{FAE04EC0-301F-11D3-BF4B-00C04F79EFBC}") = "mgb_ErcImporter", "mgb_ErcImporter\mgb_ErcImporter.csproj", "{1290D27F-254C-4877-BA44-611382374AA0}"
EndProject
Global
	GlobalSection(SolutionConfigurationPlatforms) = preSolution
		Debug|Any CPU = Debug|Any CPU
		Release|Any CPU = Release|Any CPU
	EndGlobalSection
	GlobalSection(ProjectConfigurationPlatforms) = postSolution
		{1290D27F-254C-4877-BA44-611382374AA0}.Debug|Any CPU.ActiveCfg = Debug|Any CPU
		{1290D27F-254C-4877-BA44-611382374AA0}.Debug|Any CPU.Build.0 = Debug|Any CPU
		{1290D27F-254C-4877-BA44-611382374AA0}.Release|Any CPU.ActiveCfg = Release|Any CPU
		{1290D27F-254C-4877-BA44-611382374AA0}.Release|Any CPU.Build.0 = Release|Any CPU
	EndGlobalSection
	GlobalSection(SolutionProperties) = preSolution
		HideSolutionNode = FALSE
	EndGlobalSection
	GlobalSection(ExtensibilityGlobals) = postSolution
		SolutionGuid = {472DB141-FC52-4190-A931-E66D0DE36DB1}
	EndGlobalSection
EndGlobal
